
Microsoft Visual Studio Solution File, Format Version 12.00
# Visual Studio Version 17
VisualStudioVersion = 17.11.35208.52
MinimumVisualStudioVersion = 10.0.40219.1
Project("{FAE04EC0-301F-11D3-BF4B-00C04F79EFBC}") = "Finance Tracker 1", "Finance Tracker 1\Finance Tracker 1.csproj", "{8B4959BA-2609-4AA8-B4E5-8BA5991D4AC0}"
EndProject
Global
	GlobalSection(SolutionConfigurationPlatforms) = preSolution
		Debug|Any CPU = Debug|Any CPU
		Release|Any CPU = Release|Any CPU
	EndGlobalSection
	GlobalSection(ProjectConfigurationPlatforms) = postSolution
		{8B4959BA-2609-4AA8-B4E5-8BA5991D4AC0}.Debug|Any CPU.ActiveCfg = Release|Any CPU
		{8B4959BA-2609-4AA8-B4E5-8BA5991D4AC0}.Debug|Any CPU.Build.0 = Release|Any CPU
		{8B4959BA-2609-4AA8-B4E5-8BA5991D4AC0}.Release|Any CPU.ActiveCfg = Release|Any CPU
		{8B4959BA-2609-4AA8-B4E5-8BA5991D4AC0}.Release|Any CPU.Build.0 = Release|Any CPU
	EndGlobalSection
	GlobalSection(SolutionProperties) = preSolution
		HideSolutionNode = FALSE
	EndGlobalSection
	GlobalSection(ExtensibilityGlobals) = postSolution
		SolutionGuid = {3CC0A409-EB40-4E55-8E95-E899B1FAB504}
	EndGlobalSection
EndGlobal
